
Microsoft Visual Studio Solution File, Format Version 12.00
# Visual Studio 2012
Project("{F184B08F-C81C-45F6-A57F-5ABD9991F28F}") = "PTSemen", "PTSemen\PTSemen.vbproj", "{91F5BF6E-65D3-4451-B557-C8F9F6DF991B}"
EndProject
Global
	GlobalSection(SolutionConfigurationPlatforms) = preSolution
		Debug|Any CPU = Debug|Any CPU
		Release|Any CPU = Release|Any CPU
	EndGlobalSection
	GlobalSection(ProjectConfigurationPlatforms) = postSolution
		{91F5BF6E-65D3-4451-B557-C8F9F6DF991B}.Debug|Any CPU.ActiveCfg = Debug|Any CPU
		{91F5BF6E-65D3-4451-B557-C8F9F6DF991B}.Debug|Any CPU.Build.0 = Debug|Any CPU
		{91F5BF6E-65D3-4451-B557-C8F9F6DF991B}.Release|Any CPU.ActiveCfg = Release|Any CPU
		{91F5BF6E-65D3-4451-B557-C8F9F6DF991B}.Release|Any CPU.Build.0 = Release|Any CPU
	EndGlobalSection
	GlobalSection(SolutionProperties) = preSolution
		HideSolutionNode = FALSE
	EndGlobalSection
EndGlobal
